
Microsoft Visual Studio Solution File, Format Version 12.00
# Visual Studio 2012
Project("{FAE04EC0-301F-11D3-BF4B-00C04F79EFBC}") = "P42", "P42\P42.csproj", "{3EA99FE0-BE00-4F7C-8319-68FC0A3A0399}"
EndProject
Global
	GlobalSection(SolutionConfigurationPlatforms) = preSolution
		Debug|Any CPU = Debug|Any CPU
		Release|Any CPU = Release|Any CPU
	EndGlobalSection
	GlobalSection(ProjectConfigurationPlatforms) = postSolution
		{3EA99FE0-BE00-4F7C-8319-68FC0A3A0399}.Debug|Any CPU.ActiveCfg = Debug|Any CPU
		{3EA99FE0-BE00-4F7C-8319-68FC0A3A0399}.Debug|Any CPU.Build.0 = Debug|Any CPU
		{3EA99FE0-BE00-4F7C-8319-68FC0A3A0399}.Release|Any CPU.ActiveCfg = Release|Any CPU
		{3EA99FE0-BE00-4F7C-8319-68FC0A3A0399}.Release|Any CPU.Build.0 = Release|Any CPU
	EndGlobalSection
	GlobalSection(SolutionProperties) = preSolution
		HideSolutionNode = FALSE
	EndGlobalSection
EndGlobal
