
Microsoft Visual Studio Solution File, Format Version 11.00
# Visual Studio 2010
Project("{FAE04EC0-301F-11D3-BF4B-00C04F79EFBC}") = "ComCon", "ComCon\ComCon.csproj", "{C66DB281-73E1-4D7D-BBD8-B6C8621CEB21}"
EndProject
Project("{FAE04EC0-301F-11D3-BF4B-00C04F79EFBC}") = "ComCon.Client.Base", "ComCon.Client.Base\ComCon.Client.Base.csproj", "{1D039D3D-E657-4FFA-BF57-6CA5A4F0C5FA}"
EndProject
Project("{FAE04EC0-301F-11D3-BF4B-00C04F79EFBC}") = "ComCon.Client.Modules.Menu", "ComCon.Client.Modules.Menu\ComCon.Client.Modules.Menu.csproj", "{927392B8-3D92-481A-B1C0-A6C834AE57F0}"
EndProject
Project("{FAE04EC0-301F-11D3-BF4B-00C04F79EFBC}") = "ComCon.Client.Modules.Chat", "ComCon.Client.Modules.Chat\ComCon.Client.Modules.Chat.csproj", "{8C2CCE9D-3752-48CF-9C2B-0A7FA12D1009}"
EndProject
Project("{FAE04EC0-301F-11D3-BF4B-00C04F79EFBC}") = "ComCon.Client.Modules.ContextDashboard", "ComCon.Client.Modules.ContextDashboard\ComCon.Client.Modules.ContextDashboard.csproj", "{FE42FDB5-2700-4E19-94CC-F6CAFF92322D}"
EndProject
Project("{FAE04EC0-301F-11D3-BF4B-00C04F79EFBC}") = "ComCon.Server", "ComCon.Server\ComCon.Server.csproj", "{72F62703-E137-48FE-83A4-D38081E05094}"
EndProject
Project("{FAE04EC0-301F-11D3-BF4B-00C04F79EFBC}") = "ComCon.Shared.Classes", "..\ComCon ALT\ComConClient\ComCon.Shared.Classes\ComCon.Shared.Classes.csproj", "{C28BA773-105A-47CE-BFFB-05E6325E8465}"
EndProject
Global
	GlobalSection(SolutionConfigurationPlatforms) = preSolution
		Debug|Any CPU = Debug|Any CPU
		Debug|Mixed Platforms = Debug|Mixed Platforms
		Debug|x86 = Debug|x86
		Release|Any CPU = Release|Any CPU
		Release|Mixed Platforms = Release|Mixed Platforms
		Release|x86 = Release|x86
	EndGlobalSection
	GlobalSection(ProjectConfigurationPlatforms) = postSolution
		{C66DB281-73E1-4D7D-BBD8-B6C8621CEB21}.Debug|Any CPU.ActiveCfg = Debug|x86
		{C66DB281-73E1-4D7D-BBD8-B6C8621CEB21}.Debug|Mixed Platforms.ActiveCfg = Debug|Any CPU
		{C66DB281-73E1-4D7D-BBD8-B6C8621CEB21}.Debug|Mixed Platforms.Build.0 = Debug|Any CPU
		{C66DB281-73E1-4D7D-BBD8-B6C8621CEB21}.Debug|x86.ActiveCfg = Debug|x86
		{C66DB281-73E1-4D7D-BBD8-B6C8621CEB21}.Debug|x86.Build.0 = Debug|x86
		{C66DB281-73E1-4D7D-BBD8-B6C8621CEB21}.Release|Any CPU.ActiveCfg = Release|x86
		{C66DB281-73E1-4D7D-BBD8-B6C8621CEB21}.Release|Mixed Platforms.ActiveCfg = Release|x86
		{C66DB281-73E1-4D7D-BBD8-B6C8621CEB21}.Release|Mixed Platforms.Build.0 = Release|x86
		{C66DB281-73E1-4D7D-BBD8-B6C8621CEB21}.Release|x86.ActiveCfg = Release|x86
		{C66DB281-73E1-4D7D-BBD8-B6C8621CEB21}.Release|x86.Build.0 = Release|x86
		{1D039D3D-E657-4FFA-BF57-6CA5A4F0C5FA}.Debug|Any CPU.ActiveCfg = Debug|x86
		{1D039D3D-E657-4FFA-BF57-6CA5A4F0C5FA}.Debug|Mixed Platforms.ActiveCfg = Debug|Any CPU
		{1D039D3D-E657-4FFA-BF57-6CA5A4F0C5FA}.Debug|Mixed Platforms.Build.0 = Debug|Any CPU
		{1D039D3D-E657-4FFA-BF57-6CA5A4F0C5FA}.Debug|x86.ActiveCfg = Debug|x86
		{1D039D3D-E657-4FFA-BF57-6CA5A4F0C5FA}.Debug|x86.Build.0 = Debug|x86
		{1D039D3D-E657-4FFA-BF57-6CA5A4F0C5FA}.Release|Any CPU.ActiveCfg = Release|x86
		{1D039D3D-E657-4FFA-BF57-6CA5A4F0C5FA}.Release|Mixed Platforms.ActiveCfg = Release|x86
		{1D039D3D-E657-4FFA-BF57-6CA5A4F0C5FA}.Release|Mixed Platforms.Build.0 = Release|x86
		{1D039D3D-E657-4FFA-BF57-6CA5A4F0C5FA}.Release|x86.ActiveCfg = Release|x86
		{1D039D3D-E657-4FFA-BF57-6CA5A4F0C5FA}.Release|x86.Build.0 = Release|x86
		{927392B8-3D92-481A-B1C0-A6C834AE57F0}.Debug|Any CPU.ActiveCfg = Debug|x86
		{927392B8-3D92-481A-B1C0-A6C834AE57F0}.Debug|Mixed Platforms.ActiveCfg = Debug|Any CPU
		{927392B8-3D92-481A-B1C0-A6C834AE57F0}.Debug|Mixed Platforms.Build.0 = Debug|Any CPU
		{927392B8-3D92-481A-B1C0-A6C834AE57F0}.Debug|x86.ActiveCfg = Debug|x86
		{927392B8-3D92-481A-B1C0-A6C834AE57F0}.Debug|x86.Build.0 = Debug|x86
		{927392B8-3D92-481A-B1C0-A6C834AE57F0}.Release|Any CPU.ActiveCfg = Release|x86
		{927392B8-3D92-481A-B1C0-A6C834AE57F0}.Release|Mixed Platforms.ActiveCfg = Release|x86
		{927392B8-3D92-481A-B1C0-A6C834AE57F0}.Release|Mixed Platforms.Build.0 = Release|x86
		{927392B8-3D92-481A-B1C0-A6C834AE57F0}.Release|x86.ActiveCfg = Release|x86
		{927392B8-3D92-481A-B1C0-A6C834AE57F0}.Release|x86.Build.0 = Release|x86
		{8C2CCE9D-3752-48CF-9C2B-0A7FA12D1009}.Debug|Any CPU.ActiveCfg = Debug|x86
		{8C2CCE9D-3752-48CF-9C2B-0A7FA12D1009}.Debug|Mixed Platforms.ActiveCfg = Debug|Any CPU
		{8C2CCE9D-3752-48CF-9C2B-0A7FA12D1009}.Debug|Mixed Platforms.Build.0 = Debug|Any CPU
		{8C2CCE9D-3752-48CF-9C2B-0A7FA12D1009}.Debug|x86.ActiveCfg = Debug|x86
		{8C2CCE9D-3752-48CF-9C2B-0A7FA12D1009}.Debug|x86.Build.0 = Debug|x86
		{8C2CCE9D-3752-48CF-9C2B-0A7FA12D1009}.Release|Any CPU.ActiveCfg = Release|x86
		{8C2CCE9D-3752-48CF-9C2B-0A7FA12D1009}.Release|Mixed Platforms.ActiveCfg = Release|x86
		{8C2CCE9D-3752-48CF-9C2B-0A7FA12D1009}.Release|Mixed Platforms.Build.0 = Release|x86
		{8C2CCE9D-3752-48CF-9C2B-0A7FA12D1009}.Release|x86.ActiveCfg = Release|x86
		{8C2CCE9D-3752-48CF-9C2B-0A7FA12D1009}.Release|x86.Build.0 = Release|x86
		{FE42FDB5-2700-4E19-94CC-F6CAFF92322D}.Debug|Any CPU.ActiveCfg = Debug|x86
		{FE42FDB5-2700-4E19-94CC-F6CAFF92322D}.Debug|Mixed Platforms.ActiveCfg = Debug|Any CPU
		{FE42FDB5-2700-4E19-94CC-F6CAFF92322D}.Debug|Mixed Platforms.Build.0 = Debug|Any CPU
		{FE42FDB5-2700-4E19-94CC-F6CAFF92322D}.Debug|x86.ActiveCfg = Debug|x86
		{FE42FDB5-2700-4E19-94CC-F6CAFF92322D}.Debug|x86.Build.0 = Debug|x86
		{FE42FDB5-2700-4E19-94CC-F6CAFF92322D}.Release|Any CPU.ActiveCfg = Release|x86
		{FE42FDB5-2700-4E19-94CC-F6CAFF92322D}.Release|Mixed Platforms.ActiveCfg = Release|x86
		{FE42FDB5-2700-4E19-94CC-F6CAFF92322D}.Release|Mixed Platforms.Build.0 = Release|x86
		{FE42FDB5-2700-4E19-94CC-F6CAFF92322D}.Release|x86.ActiveCfg = Release|x86
		{FE42FDB5-2700-4E19-94CC-F6CAFF92322D}.Release|x86.Build.0 = Release|x86
		{72F62703-E137-48FE-83A4-D38081E05094}.Debug|Any CPU.ActiveCfg = Debug|x86
		{72F62703-E137-48FE-83A4-D38081E05094}.Debug|Mixed Platforms.ActiveCfg = Debug|Any CPU
		{72F62703-E137-48FE-83A4-D38081E05094}.Debug|Mixed Platforms.Build.0 = Debug|Any CPU
		{72F62703-E137-48FE-83A4-D38081E05094}.Debug|x86.ActiveCfg = Debug|x86
		{72F62703-E137-48FE-83A4-D38081E05094}.Debug|x86.Build.0 = Debug|x86
		{72F62703-E137-48FE-83A4-D38081E05094}.Release|Any CPU.ActiveCfg = Release|x86
		{72F62703-E137-48FE-83A4-D38081E05094}.Release|Mixed Platforms.ActiveCfg = Release|x86
		{72F62703-E137-48FE-83A4-D38081E05094}.Release|Mixed Platforms.Build.0 = Release|x86
		{72F62703-E137-48FE-83A4-D38081E05094}.Release|x86.ActiveCfg = Release|x86
		{72F62703-E137-48FE-83A4-D38081E05094}.Release|x86.Build.0 = Release|x86
		{C28BA773-105A-47CE-BFFB-05E6325E8465}.Debug|Any CPU.ActiveCfg = Debug|Any CPU
		{C28BA773-105A-47CE-BFFB-05E6325E8465}.Debug|Any CPU.Build.0 = Debug|Any CPU
		{C28BA773-105A-47CE-BFFB-05E6325E8465}.Debug|Mixed Platforms.ActiveCfg = Debug|Any CPU
		{C28BA773-105A-47CE-BFFB-05E6325E8465}.Debug|Mixed Platforms.Build.0 = Debug|Any CPU
		{C28BA773-105A-47CE-BFFB-05E6325E8465}.Debug|x86.ActiveCfg = Debug|Any CPU
		{C28BA773-105A-47CE-BFFB-05E6325E8465}.Release|Any CPU.ActiveCfg = Release|Any CPU
		{C28BA773-105A-47CE-BFFB-05E6325E8465}.Release|Any CPU.Build.0 = Release|Any CPU
		{C28BA773-105A-47CE-BFFB-05E6325E8465}.Release|Mixed Platforms.ActiveCfg = Release|Any CPU
		{C28BA773-105A-47CE-BFFB-05E6325E8465}.Release|Mixed Platforms.Build.0 = Release|Any CPU
		{C28BA773-105A-47CE-BFFB-05E6325E8465}.Release|x86.ActiveCfg = Release|Any CPU
	EndGlobalSection
	GlobalSection(SolutionProperties) = preSolution
		HideSolutionNode = FALSE
	EndGlobalSection
EndGlobal
